
Microsoft Visual Studio Solution File, Format Version 11.00
# Visual Studio 2010
Project("{FAE04EC0-301F-11D3-BF4B-00C04F79EFBC}") = "Simple", "Simple\Simple.csproj", "{08ECC7CF-ADA1-4AD1-9A25-4AE9FB675E0A}"
EndProject
Project("{FAE04EC0-301F-11D3-BF4B-00C04F79EFBC}") = "Simple.Test", "Simple.Test\Simple.Test.csproj", "{EBD5A4F2-6F29-4CF9-BC23-CA68732DC422}"
EndProject
Global
	GlobalSection(SolutionConfigurationPlatforms) = preSolution
		Debug|Any CPU = Debug|Any CPU
		Release|Any CPU = Release|Any CPU
	EndGlobalSection
	GlobalSection(ProjectConfigurationPlatforms) = postSolution
		{08ECC7CF-ADA1-4AD1-9A25-4AE9FB675E0A}.Debug|Any CPU.ActiveCfg = Debug|Any CPU
		{08ECC7CF-ADA1-4AD1-9A25-4AE9FB675E0A}.Debug|Any CPU.Build.0 = Debug|Any CPU
		{08ECC7CF-ADA1-4AD1-9A25-4AE9FB675E0A}.Release|Any CPU.ActiveCfg = Release|Any CPU
		{08ECC7CF-ADA1-4AD1-9A25-4AE9FB675E0A}.Release|Any CPU.Build.0 = Release|Any CPU
		{EBD5A4F2-6F29-4CF9-BC23-CA68732DC422}.Debug|Any CPU.ActiveCfg = Debug|Any CPU
		{EBD5A4F2-6F29-4CF9-BC23-CA68732DC422}.Debug|Any CPU.Build.0 = Debug|Any CPU
		{EBD5A4F2-6F29-4CF9-BC23-CA68732DC422}.Release|Any CPU.ActiveCfg = Release|Any CPU
		{EBD5A4F2-6F29-4CF9-BC23-CA68732DC422}.Release|Any CPU.Build.0 = Release|Any CPU
	EndGlobalSection
	GlobalSection(SolutionProperties) = preSolution
		HideSolutionNode = FALSE
	EndGlobalSection
EndGlobal
